
Microsoft Visual Studio Solution File, Format Version 12.00
# Visual Studio 15
VisualStudioVersion = 15.0.26430.6
MinimumVisualStudioVersion = 10.0.40219.1
Project("{FAE04EC0-301F-11D3-BF4B-00C04F79EFBC}") = "FlashcardsApp", "WindowsFormsApp1\FlashcardsApp.csproj", "{D7BD7C61-6D7A-44D0-A881-FAD40243BDE7}"
EndProject
Global
	GlobalSection(SolutionConfigurationPlatforms) = preSolution
		Debug|Any CPU = Debug|Any CPU
		Release|Any CPU = Release|Any CPU
	EndGlobalSection
	GlobalSection(ProjectConfigurationPlatforms) = postSolution
		{D7BD7C61-6D7A-44D0-A881-FAD40243BDE7}.Debug|Any CPU.ActiveCfg = Debug|Any CPU
		{D7BD7C61-6D7A-44D0-A881-FAD40243BDE7}.Debug|Any CPU.Build.0 = Debug|Any CPU
		{D7BD7C61-6D7A-44D0-A881-FAD40243BDE7}.Release|Any CPU.ActiveCfg = Release|Any CPU
		{D7BD7C61-6D7A-44D0-A881-FAD40243BDE7}.Release|Any CPU.Build.0 = Release|Any CPU
	EndGlobalSection
	GlobalSection(SolutionProperties) = preSolution
		HideSolutionNode = FALSE
	EndGlobalSection
	GlobalSection(ExtensibilityGlobals) = postSolution
		SolutionGuid = {1200114F-6157-43A1-8EE2-02B5034FE1E3}
	EndGlobalSection
EndGlobal
